
Microsoft Visual Studio Solution File, Format Version 12.00
# Visual Studio Version 16
VisualStudioVersion = 16.0.33927.289
MinimumVisualStudioVersion = 10.0.40219.1
Project("{2150E333-8FDC-42A3-9474-1A3956D46DE8}") = "Task0", "Task0", "{8A118463-D3A8-4972-9451-151E093BF661}"
EndProject
Project("{FAE04EC0-301F-11D3-BF4B-00C04F79EFBC}") = "Tyuiu.MargaryanSG.Sprint5.Task0.V5.Lib", "Tyuiu.MargaryanSG.Sprint5.Task0.V5.Lib\Tyuiu.MargaryanSG.Sprint5.Task0.V5.Lib.csproj", "{1A009158-7773-463A-B6BE-ADF3F1EA8AA1}"
EndProject
Project("{FAE04EC0-301F-11D3-BF4B-00C04F79EFBC}") = "Tyuiu.MargaryanSG.Sprint5.Task0.V5", "Tyuiu.MargaryanSG.Sprint5.Task0.V5\Tyuiu.MargaryanSG.Sprint5.Task0.V5.csproj", "{D84FECC2-1535-4C5B-A582-DEBD42D73E77}"
EndProject
Project("{FAE04EC0-301F-11D3-BF4B-00C04F79EFBC}") = "Tyuiu.MargaryanSG.Sprint5.Task0.V5.Test", "Tyuiu.MargaryanSG.Sprint5.Task0.V5.Test\Tyuiu.MargaryanSG.Sprint5.Task0.V5.Test.csproj", "{5E4FE96C-3003-4BDF-83F0-4E2A170D4D15}"
EndProject
Project("{FAE04EC0-301F-11D3-BF4B-00C04F79EFBC}") = "Tyuiu.MargaryanSG.Sprint5.Task2.V22.Lib", "Tyuiu.MargaryanSG.Sprint5.Task2.V22.Lib\Tyuiu.MargaryanSG.Sprint5.Task2.V22.Lib.csproj", "{DCCA1D6D-E2E4-4BE9-87A6-DB14F4D4D966}"
EndProject
Project("{2150E333-8FDC-42A3-9474-1A3956D46DE8}") = "Task2", "Task2", "{20E08C24-C1A9-4087-907D-D231EFE83D92}"
EndProject
Project("{FAE04EC0-301F-11D3-BF4B-00C04F79EFBC}") = "Tyuiu.MargaryanSG.Sprint5.Task2.V22", "Tyuiu.MargaryanSG.Sprint5.Task2.V22\Tyuiu.MargaryanSG.Sprint5.Task2.V22.csproj", "{FC31B591-CCC8-421E-8DE9-38301666FBBA}"
EndProject
Project("{FAE04EC0-301F-11D3-BF4B-00C04F79EFBC}") = "Tyuiu.MargaryanSG.Sprint5.Task2.V22.Test", "Tyuiu.MargaryanSG.Sprint5.Task2.V22.Test\Tyuiu.MargaryanSG.Sprint5.Task2.V22.Test.csproj", "{4B8C605B-CC36-4DDA-993C-D30207206847}"
EndProject
Project("{2150E333-8FDC-42A3-9474-1A3956D46DE8}") = "Task1", "Task1", "{87FFF548-6A7D-4B9E-9595-5C042BBC4BEF}"
EndProject
Project("{FAE04EC0-301F-11D3-BF4B-00C04F79EFBC}") = "Tyuiu.MargaryanSG.Sprint5.Task1.V5.Lib", "Tyuiu.MargaryanSG.Sprint5.Task1.V5.Lib\Tyuiu.MargaryanSG.Sprint5.Task1.V5.Lib.csproj", "{9167D6AE-706E-4208-91E7-A232288C3234}"
EndProject
Project("{FAE04EC0-301F-11D3-BF4B-00C04F79EFBC}") = "Tyuiu.MargaryanSG.Sprint5.Task1.V5", "Tyuiu.MargaryanSG.Sprint5.Task1.V5\Tyuiu.MargaryanSG.Sprint5.Task1.V5.csproj", "{3D9396FA-97A1-4DFE-B76D-7279F28F7277}"
EndProject
Project("{FAE04EC0-301F-11D3-BF4B-00C04F79EFBC}") = "Tyuiu.MargaryanSG.Sprint5.Task1.V5.Test", "Tyuiu.MargaryanSG.Sprint5.Task1.V5.Test\Tyuiu.MargaryanSG.Sprint5.Task1.V5.Test.csproj", "{B4972F23-24EA-4FE1-B29B-5B4BFF2196E1}"
EndProject
Project("{FAE04EC0-301F-11D3-BF4B-00C04F79EFBC}") = "Tyuiu.MargaryanSG.Sprint5.Task3.V1.Lib", "Tyuiu.MargaryanSG.Sprint5.Task3.V1.Lib\Tyuiu.MargaryanSG.Sprint5.Task3.V1.Lib.csproj", "{233779B1-39B6-4FC4-AA79-6702450781E8}"
EndProject
Project("{2150E333-8FDC-42A3-9474-1A3956D46DE8}") = "Task3", "Task3", "{808F3EB1-4743-438D-8E3E-CE2F2331CACE}"
EndProject
Project("{FAE04EC0-301F-11D3-BF4B-00C04F79EFBC}") = "Tyuiu.MargaryanSG.Sprint5.Task3.V1", "Tyuiu.MargaryanSG.Sprint5.Task3.V1\Tyuiu.MargaryanSG.Sprint5.Task3.V1.csproj", "{F49F90EC-B2C0-4F91-8E0E-3B8DC671176C}"
EndProject
Project("{FAE04EC0-301F-11D3-BF4B-00C04F79EFBC}") = "Tyuiu.MargaryanSG.Sprint5.Task3.V1.Test", "Tyuiu.MargaryanSG.Sprint5.Task3.V1.Test\Tyuiu.MargaryanSG.Sprint5.Task3.V1.Test.csproj", "{AD2C623E-2DE0-4997-B7D2-6E5D19A22643}"
EndProject
Project("{2150E333-8FDC-42A3-9474-1A3956D46DE8}") = "Task4", "Task4", "{DDEBC4FE-209D-4E7C-8356-D08B7D896F52}"
EndProject
Project("{FAE04EC0-301F-11D3-BF4B-00C04F79EFBC}") = "Tyuiu.MargaryanSG.Sprint5.Task4.V27.Lib", "Tyuiu.MargaryanSG.Sprint5.Task4.V27.Lib\Tyuiu.MargaryanSG.Sprint5.Task4.V27.Lib.csproj", "{984236F2-BE15-4643-B94A-F2829DCF287E}"
EndProject
Project("{FAE04EC0-301F-11D3-BF4B-00C04F79EFBC}") = "Tyuiu.MargaryanSG.Sprint5.Task4.V27", "Tyuiu.MargaryanSG.Sprint5.Task4.V27\Tyuiu.MargaryanSG.Sprint5.Task4.V27.csproj", "{C535C3FA-8DA6-4C3F-9CBD-D07599079204}"
EndProject
Project("{FAE04EC0-301F-11D3-BF4B-00C04F79EFBC}") = "Tyuiu.MargaryanSG.Sprint5.Task4.V27.Test", "Tyuiu.MargaryanSG.Sprint5.Task4.V27.Test\Tyuiu.MargaryanSG.Sprint5.Task4.V27.Test.csproj", "{647DCE51-E19A-48D8-B5B4-58800AC1B3F8}"
EndProject
Project("{2150E333-8FDC-42A3-9474-1A3956D46DE8}") = "Task5", "Task5", "{471176B4-E247-4E33-91A7-B58A2C9423A0}"
EndProject
Project("{FAE04EC0-301F-11D3-BF4B-00C04F79EFBC}") = "Tyuiu.MargaryanSG.Sprint5.Task5.V2.Lib", "Tyuiu.MargaryanSG.Sprint5.Task5.V2.Lib\Tyuiu.MargaryanSG.Sprint5.Task5.V2.Lib.csproj", "{2EF06F55-ABCB-425C-8869-A909236325DB}"
EndProject
Project("{FAE04EC0-301F-11D3-BF4B-00C04F79EFBC}") = "Tyuiu.MargaryanSG.Sprint5.Task5.V2", "Tyuiu.MargaryanSG.Sprint5.Task5.V2\Tyuiu.MargaryanSG.Sprint5.Task5.V2.csproj", "{9178096A-ACF5-4115-ACAE-8DA0A30F0665}"
EndProject
Project("{FAE04EC0-301F-11D3-BF4B-00C04F79EFBC}") = "Tyuiu.MargaryanSG.Sprint5.Task5.V2.Test", "Tyuiu.MargaryanSG.Sprint5.Task5.V2.Test\Tyuiu.MargaryanSG.Sprint5.Task5.V2.Test.csproj", "{90DAA2AC-7C34-434D-90AF-A150E303988F}"
EndProject
Global
	GlobalSection(SolutionConfigurationPlatforms) = preSolution
		Debug|Any CPU = Debug|Any CPU
		Release|Any CPU = Release|Any CPU
	EndGlobalSection
	GlobalSection(ProjectConfigurationPlatforms) = postSolution
		{1A009158-7773-463A-B6BE-ADF3F1EA8AA1}.Debug|Any CPU.ActiveCfg = Debug|Any CPU
		{1A009158-7773-463A-B6BE-ADF3F1EA8AA1}.Debug|Any CPU.Build.0 = Debug|Any CPU
		{1A009158-7773-463A-B6BE-ADF3F1EA8AA1}.Release|Any CPU.ActiveCfg = Release|Any CPU
		{1A009158-7773-463A-B6BE-ADF3F1EA8AA1}.Release|Any CPU.Build.0 = Release|Any CPU
		{D84FECC2-1535-4C5B-A582-DEBD42D73E77}.Debug|Any CPU.ActiveCfg = Debug|Any CPU
		{D84FECC2-1535-4C5B-A582-DEBD42D73E77}.Debug|Any CPU.Build.0 = Debug|Any CPU
		{D84FECC2-1535-4C5B-A582-DEBD42D73E77}.Release|Any CPU.ActiveCfg = Release|Any CPU
		{D84FECC2-1535-4C5B-A582-DEBD42D73E77}.Release|Any CPU.Build.0 = Release|Any CPU
		{5E4FE96C-3003-4BDF-83F0-4E2A170D4D15}.Debug|Any CPU.ActiveCfg = Debug|Any CPU
		{5E4FE96C-3003-4BDF-83F0-4E2A170D4D15}.Debug|Any CPU.Build.0 = Debug|Any CPU
		{5E4FE96C-3003-4BDF-83F0-4E2A170D4D15}.Release|Any CPU.ActiveCfg = Release|Any CPU
		{5E4FE96C-3003-4BDF-83F0-4E2A170D4D15}.Release|Any CPU.Build.0 = Release|Any CPU
		{DCCA1D6D-E2E4-4BE9-87A6-DB14F4D4D966}.Debug|Any CPU.ActiveCfg = Debug|Any CPU
		{DCCA1D6D-E2E4-4BE9-87A6-DB14F4D4D966}.Debug|Any CPU.Build.0 = Debug|Any CPU
		{DCCA1D6D-E2E4-4BE9-87A6-DB14F4D4D966}.Release|Any CPU.ActiveCfg = Release|Any CPU
		{DCCA1D6D-E2E4-4BE9-87A6-DB14F4D4D966}.Release|Any CPU.Build.0 = Release|Any CPU
		{FC31B591-CCC8-421E-8DE9-38301666FBBA}.Debug|Any CPU.ActiveCfg = Debug|Any CPU
		{FC31B591-CCC8-421E-8DE9-38301666FBBA}.Debug|Any CPU.Build.0 = Debug|Any CPU
		{FC31B591-CCC8-421E-8DE9-38301666FBBA}.Release|Any CPU.ActiveCfg = Release|Any CPU
		{FC31B591-CCC8-421E-8DE9-38301666FBBA}.Release|Any CPU.Build.0 = Release|Any CPU
		{4B8C605B-CC36-4DDA-993C-D30207206847}.Debug|Any CPU.ActiveCfg = Debug|Any CPU
		{4B8C605B-CC36-4DDA-993C-D30207206847}.Debug|Any CPU.Build.0 = Debug|Any CPU
		{4B8C605B-CC36-4DDA-993C-D30207206847}.Release|Any CPU.ActiveCfg = Release|Any CPU
		{4B8C605B-CC36-4DDA-993C-D30207206847}.Release|Any CPU.Build.0 = Release|Any CPU
		{9167D6AE-706E-4208-91E7-A232288C3234}.Debug|Any CPU.ActiveCfg = Debug|Any CPU
		{9167D6AE-706E-4208-91E7-A232288C3234}.Debug|Any CPU.Build.0 = Debug|Any CPU
		{9167D6AE-706E-4208-91E7-A232288C3234}.Release|Any CPU.ActiveCfg = Release|Any CPU
		{9167D6AE-706E-4208-91E7-A232288C3234}.Release|Any CPU.Build.0 = Release|Any CPU
		{3D9396FA-97A1-4DFE-B76D-7279F28F7277}.Debug|Any CPU.ActiveCfg = Debug|Any CPU
		{3D9396FA-97A1-4DFE-B76D-7279F28F7277}.Debug|Any CPU.Build.0 = Debug|Any CPU
		{3D9396FA-97A1-4DFE-B76D-7279F28F7277}.Release|Any CPU.ActiveCfg = Release|Any CPU
		{3D9396FA-97A1-4DFE-B76D-7279F28F7277}.Release|Any CPU.Build.0 = Release|Any CPU
		{B4972F23-24EA-4FE1-B29B-5B4BFF2196E1}.Debug|Any CPU.ActiveCfg = Debug|Any CPU
		{B4972F23-24EA-4FE1-B29B-5B4BFF2196E1}.Debug|Any CPU.Build.0 = Debug|Any CPU
		{B4972F23-24EA-4FE1-B29B-5B4BFF2196E1}.Release|Any CPU.ActiveCfg = Release|Any CPU
		{B4972F23-24EA-4FE1-B29B-5B4BFF2196E1}.Release|Any CPU.Build.0 = Release|Any CPU
		{233779B1-39B6-4FC4-AA79-6702450781E8}.Debug|Any CPU.ActiveCfg = Debug|Any CPU
		{233779B1-39B6-4FC4-AA79-6702450781E8}.Debug|Any CPU.Build.0 = Debug|Any CPU
		{233779B1-39B6-4FC4-AA79-6702450781E8}.Release|Any CPU.ActiveCfg = Release|Any CPU
		{233779B1-39B6-4FC4-AA79-6702450781E8}.Release|Any CPU.Build.0 = Release|Any CPU
		{F49F90EC-B2C0-4F91-8E0E-3B8DC671176C}.Debug|Any CPU.ActiveCfg = Debug|Any CPU
		{F49F90EC-B2C0-4F91-8E0E-3B8DC671176C}.Debug|Any CPU.Build.0 = Debug|Any CPU
		{F49F90EC-B2C0-4F91-8E0E-3B8DC671176C}.Release|Any CPU.ActiveCfg = Release|Any CPU
		{F49F90EC-B2C0-4F91-8E0E-3B8DC671176C}.Release|Any CPU.Build.0 = Release|Any CPU
		{AD2C623E-2DE0-4997-B7D2-6E5D19A22643}.Debug|Any CPU.ActiveCfg = Debug|Any CPU
		{AD2C623E-2DE0-4997-B7D2-6E5D19A22643}.Debug|Any CPU.Build.0 = Debug|Any CPU
		{AD2C623E-2DE0-4997-B7D2-6E5D19A22643}.Release|Any CPU.ActiveCfg = Release|Any CPU
		{AD2C623E-2DE0-4997-B7D2-6E5D19A22643}.Release|Any CPU.Build.0 = Release|Any CPU
		{984236F2-BE15-4643-B94A-F2829DCF287E}.Debug|Any CPU.ActiveCfg = Debug|Any CPU
		{984236F2-BE15-4643-B94A-F2829DCF287E}.Debug|Any CPU.Build.0 = Debug|Any CPU
		{984236F2-BE15-4643-B94A-F2829DCF287E}.Release|Any CPU.ActiveCfg = Release|Any CPU
		{984236F2-BE15-4643-B94A-F2829DCF287E}.Release|Any CPU.Build.0 = Release|Any CPU
		{C535C3FA-8DA6-4C3F-9CBD-D07599079204}.Debug|Any CPU.ActiveCfg = Debug|Any CPU
		{C535C3FA-8DA6-4C3F-9CBD-D07599079204}.Debug|Any CPU.Build.0 = Debug|Any CPU
		{C535C3FA-8DA6-4C3F-9CBD-D07599079204}.Release|Any CPU.ActiveCfg = Release|Any CPU
		{C535C3FA-8DA6-4C3F-9CBD-D07599079204}.Release|Any CPU.Build.0 = Release|Any CPU
		{647DCE51-E19A-48D8-B5B4-58800AC1B3F8}.Debug|Any CPU.ActiveCfg = Debug|Any CPU
		{647DCE51-E19A-48D8-B5B4-58800AC1B3F8}.Debug|Any CPU.Build.0 = Debug|Any CPU
		{647DCE51-E19A-48D8-B5B4-58800AC1B3F8}.Release|Any CPU.ActiveCfg = Release|Any CPU
		{647DCE51-E19A-48D8-B5B4-58800AC1B3F8}.Release|Any CPU.Build.0 = Release|Any CPU
		{2EF06F55-ABCB-425C-8869-A909236325DB}.Debug|Any CPU.ActiveCfg = Debug|Any CPU
		{2EF06F55-ABCB-425C-8869-A909236325DB}.Debug|Any CPU.Build.0 = Debug|Any CPU
		{2EF06F55-ABCB-425C-8869-A909236325DB}.Release|Any CPU.ActiveCfg = Release|Any CPU
		{2EF06F55-ABCB-425C-8869-A909236325DB}.Release|Any CPU.Build.0 = Release|Any CPU
		{9178096A-ACF5-4115-ACAE-8DA0A30F0665}.Debug|Any CPU.ActiveCfg = Debug|Any CPU
		{9178096A-ACF5-4115-ACAE-8DA0A30F0665}.Debug|Any CPU.Build.0 = Debug|Any CPU
		{9178096A-ACF5-4115-ACAE-8DA0A30F0665}.Release|Any CPU.ActiveCfg = Release|Any CPU
		{9178096A-ACF5-4115-ACAE-8DA0A30F0665}.Release|Any CPU.Build.0 = Release|Any CPU
		{90DAA2AC-7C34-434D-90AF-A150E303988F}.Debug|Any CPU.ActiveCfg = Debug|Any CPU
		{90DAA2AC-7C34-434D-90AF-A150E303988F}.Debug|Any CPU.Build.0 = Debug|Any CPU
		{90DAA2AC-7C34-434D-90AF-A150E303988F}.Release|Any CPU.ActiveCfg = Release|Any CPU
		{90DAA2AC-7C34-434D-90AF-A150E303988F}.Release|Any CPU.Build.0 = Release|Any CPU
	EndGlobalSection
	GlobalSection(SolutionProperties) = preSolution
		HideSolutionNode = FALSE
	EndGlobalSection
	GlobalSection(NestedProjects) = preSolution
		{1A009158-7773-463A-B6BE-ADF3F1EA8AA1} = {8A118463-D3A8-4972-9451-151E093BF661}
		{D84FECC2-1535-4C5B-A582-DEBD42D73E77} = {8A118463-D3A8-4972-9451-151E093BF661}
		{5E4FE96C-3003-4BDF-83F0-4E2A170D4D15} = {8A118463-D3A8-4972-9451-151E093BF661}
		{DCCA1D6D-E2E4-4BE9-87A6-DB14F4D4D966} = {20E08C24-C1A9-4087-907D-D231EFE83D92}
		{FC31B591-CCC8-421E-8DE9-38301666FBBA} = {20E08C24-C1A9-4087-907D-D231EFE83D92}
		{4B8C605B-CC36-4DDA-993C-D30207206847} = {20E08C24-C1A9-4087-907D-D231EFE83D92}
		{9167D6AE-706E-4208-91E7-A232288C3234} = {87FFF548-6A7D-4B9E-9595-5C042BBC4BEF}
		{3D9396FA-97A1-4DFE-B76D-7279F28F7277} = {87FFF548-6A7D-4B9E-9595-5C042BBC4BEF}
		{B4972F23-24EA-4FE1-B29B-5B4BFF2196E1} = {87FFF548-6A7D-4B9E-9595-5C042BBC4BEF}
		{233779B1-39B6-4FC4-AA79-6702450781E8} = {808F3EB1-4743-438D-8E3E-CE2F2331CACE}
		{F49F90EC-B2C0-4F91-8E0E-3B8DC671176C} = {808F3EB1-4743-438D-8E3E-CE2F2331CACE}
		{AD2C623E-2DE0-4997-B7D2-6E5D19A22643} = {808F3EB1-4743-438D-8E3E-CE2F2331CACE}
		{984236F2-BE15-4643-B94A-F2829DCF287E} = {DDEBC4FE-209D-4E7C-8356-D08B7D896F52}
		{C535C3FA-8DA6-4C3F-9CBD-D07599079204} = {DDEBC4FE-209D-4E7C-8356-D08B7D896F52}
		{647DCE51-E19A-48D8-B5B4-58800AC1B3F8} = {DDEBC4FE-209D-4E7C-8356-D08B7D896F52}
		{2EF06F55-ABCB-425C-8869-A909236325DB} = {471176B4-E247-4E33-91A7-B58A2C9423A0}
		{9178096A-ACF5-4115-ACAE-8DA0A30F0665} = {471176B4-E247-4E33-91A7-B58A2C9423A0}
		{90DAA2AC-7C34-434D-90AF-A150E303988F} = {471176B4-E247-4E33-91A7-B58A2C9423A0}
	EndGlobalSection
	GlobalSection(ExtensibilityGlobals) = postSolution
		SolutionGuid = {F5A11F94-D32B-4309-BB8F-1F4C198CF687}
	EndGlobalSection
EndGlobal
